// !$*UTF8*$!
{
	archiveVersion = 1;
	classes = {
	};
	objectVersion = 55;
	objects = {

/* Begin PBXBuildFile section */
		D01B36CA2921255B00CC3DC3 /* LoginViewAction.swift in Sources */ = {isa = PBXBuildFile; fileRef = D01B36C92921255B00CC3DC3 /* LoginViewAction.swift */; };
		D01B36D22922BFB300CC3DC3 /* NewsViewController.swift in Sources */ = {isa = PBXBuildFile; fileRef = D01B36D02922BFB300CC3DC3 /* NewsViewController.swift */; };
		D01B36D32922BFB300CC3DC3 /* NewsViewController.xib in Resources */ = {isa = PBXBuildFile; fileRef = D01B36D12922BFB300CC3DC3 /* NewsViewController.xib */; };
		D01B36D72922C08B00CC3DC3 /* NotesViewController.swift in Sources */ = {isa = PBXBuildFile; fileRef = D01B36D52922C08B00CC3DC3 /* NotesViewController.swift */; };
		D01B36D82922C08B00CC3DC3 /* NotesViewController.xib in Resources */ = {isa = PBXBuildFile; fileRef = D01B36D62922C08B00CC3DC3 /* NotesViewController.xib */; };
		D071B7C328CCF461005F68DB /* AppDelegate.swift in Sources */ = {isa = PBXBuildFile; fileRef = D071B7C228CCF461005F68DB /* AppDelegate.swift */; };
		D071B7C528CCF461005F68DB /* SceneDelegate.swift in Sources */ = {isa = PBXBuildFile; fileRef = D071B7C428CCF461005F68DB /* SceneDelegate.swift */; };
		D071B7CC28CCF465005F68DB /* Assets.xcassets in Resources */ = {isa = PBXBuildFile; fileRef = D071B7CB28CCF465005F68DB /* Assets.xcassets */; };
		D071B7CF28CCF465005F68DB /* LaunchScreen.storyboard in Resources */ = {isa = PBXBuildFile; fileRef = D071B7CD28CCF465005F68DB /* LaunchScreen.storyboard */; };
		D071B7DA28CCF466005F68DB /* combine_mvvm_uikitTests.swift in Sources */ = {isa = PBXBuildFile; fileRef = D071B7D928CCF466005F68DB /* combine_mvvm_uikitTests.swift */; };
		D071B7E428CCF466005F68DB /* combine_mvvm_uikitUITests.swift in Sources */ = {isa = PBXBuildFile; fileRef = D071B7E328CCF466005F68DB /* combine_mvvm_uikitUITests.swift */; };
		D071B7E628CCF466005F68DB /* combine_mvvm_uikitUITestsLaunchTests.swift in Sources */ = {isa = PBXBuildFile; fileRef = D071B7E528CCF466005F68DB /* combine_mvvm_uikitUITestsLaunchTests.swift */; };
		D071B7F428CCF6F0005F68DB /* HomeViewController.swift in Sources */ = {isa = PBXBuildFile; fileRef = D071B7F228CCF6F0005F68DB /* HomeViewController.swift */; };
		D071B7F528CCF6F0005F68DB /* HomeViewController.xib in Resources */ = {isa = PBXBuildFile; fileRef = D071B7F328CCF6F0005F68DB /* HomeViewController.xib */; };
		D071B7FB28CCF7F5005F68DB /* HomeViewModel.swift in Sources */ = {isa = PBXBuildFile; fileRef = D071B7FA28CCF7F5005F68DB /* HomeViewModel.swift */; };
		D071B7FD28CCFA76005F68DB /* AppCoordinator.swift in Sources */ = {isa = PBXBuildFile; fileRef = D071B7FC28CCFA76005F68DB /* AppCoordinator.swift */; };
		D071B80328CD0B1E005F68DB /* Factory in Frameworks */ = {isa = PBXBuildFile; productRef = D071B80228CD0B1E005F68DB /* Factory */; };
		D071B80528CD0B3F005F68DB /* Container.swift in Sources */ = {isa = PBXBuildFile; fileRef = D071B80428CD0B3F005F68DB /* Container.swift */; };
		D071B80728CD0F83005F68DB /* AppCoordinatorState.swift in Sources */ = {isa = PBXBuildFile; fileRef = D071B80628CD0F83005F68DB /* AppCoordinatorState.swift */; };
		D071B80C28CD10F2005F68DB /* LoginViewController.swift in Sources */ = {isa = PBXBuildFile; fileRef = D071B80A28CD10F2005F68DB /* LoginViewController.swift */; };
		D071B80D28CD10F2005F68DB /* LoginViewController.xib in Resources */ = {isa = PBXBuildFile; fileRef = D071B80B28CD10F2005F68DB /* LoginViewController.xib */; };
		D071B81428CD2FAB005F68DB /* AuthenticationService.swift in Sources */ = {isa = PBXBuildFile; fileRef = D071B81328CD2FAB005F68DB /* AuthenticationService.swift */; };
		D071B81628CD3245005F68DB /* AuthenticationServiceError.swift in Sources */ = {isa = PBXBuildFile; fileRef = D071B81528CD3245005F68DB /* AuthenticationServiceError.swift */; };
		D071B81928CD332C005F68DB /* LoginViewModel.swift in Sources */ = {isa = PBXBuildFile; fileRef = D071B81828CD332C005F68DB /* LoginViewModel.swift */; };
		D071B81C28CD42CA005F68DB /* UITextField+textPublisher.swift in Sources */ = {isa = PBXBuildFile; fileRef = D071B81B28CD42CA005F68DB /* UITextField+textPublisher.swift */; };
/* End PBXBuildFile section */

/* Begin PBXContainerItemProxy section */
		D071B7D628CCF466005F68DB /* PBXContainerItemProxy */ = {
			isa = PBXContainerItemProxy;
			containerPortal = D071B7B728CCF461005F68DB /* Project object */;
			proxyType = 1;
			remoteGlobalIDString = D071B7BE28CCF461005F68DB;
			remoteInfo = combine_mvvm_uikit;
		};
		D071B7E028CCF466005F68DB /* PBXContainerItemProxy */ = {
			isa = PBXContainerItemProxy;
			containerPortal = D071B7B728CCF461005F68DB /* Project object */;
			proxyType = 1;
			remoteGlobalIDString = D071B7BE28CCF461005F68DB;
			remoteInfo = combine_mvvm_uikit;
		};
/* End PBXContainerItemProxy section */

/* Begin PBXFileReference section */
		D01B36C92921255B00CC3DC3 /* LoginViewAction.swift */ = {isa = PBXFileReference; lastKnownFileType = sourcecode.swift; path = LoginViewAction.swift; sourceTree = "<group>"; };
		D01B36D02922BFB300CC3DC3 /* NewsViewController.swift */ = {isa = PBXFileReference; lastKnownFileType = sourcecode.swift; path = NewsViewController.swift; sourceTree = "<group>"; };
		D01B36D12922BFB300CC3DC3 /* NewsViewController.xib */ = {isa = PBXFileReference; lastKnownFileType = file.xib; path = NewsViewController.xib; sourceTree = "<group>"; };
		D01B36D52922C08B00CC3DC3 /* NotesViewController.swift */ = {isa = PBXFileReference; lastKnownFileType = sourcecode.swift; path = NotesViewController.swift; sourceTree = "<group>"; };
		D01B36D62922C08B00CC3DC3 /* NotesViewController.xib */ = {isa = PBXFileReference; lastKnownFileType = file.xib; path = NotesViewController.xib; sourceTree = "<group>"; };
		D071B7BF28CCF461005F68DB /* combine_mvvm_uikit.app */ = {isa = PBXFileReference; explicitFileType = wrapper.application; includeInIndex = 0; path = combine_mvvm_uikit.app; sourceTree = BUILT_PRODUCTS_DIR; };
		D071B7C228CCF461005F68DB /* AppDelegate.swift */ = {isa = PBXFileReference; lastKnownFileType = sourcecode.swift; path = AppDelegate.swift; sourceTree = "<group>"; };
		D071B7C428CCF461005F68DB /* SceneDelegate.swift */ = {isa = PBXFileReference; lastKnownFileType = sourcecode.swift; path = SceneDelegate.swift; sourceTree = "<group>"; };
		D071B7CB28CCF465005F68DB /* Assets.xcassets */ = {isa = PBXFileReference; lastKnownFileType = folder.assetcatalog; path = Assets.xcassets; sourceTree = "<group>"; };
		D071B7CE28CCF465005F68DB /* Base */ = {isa = PBXFileReference; lastKnownFileType = file.storyboard; name = Base; path = Base.lproj/LaunchScreen.storyboard; sourceTree = "<group>"; };
		D071B7D028CCF465005F68DB /* Info.plist */ = {isa = PBXFileReference; lastKnownFileType = text.plist.xml; path = Info.plist; sourceTree = "<group>"; };
		D071B7D528CCF466005F68DB /* combine_mvvm_uikitTests.xctest */ = {isa = PBXFileReference; explicitFileType = wrapper.cfbundle; includeInIndex = 0; path = combine_mvvm_uikitTests.xctest; sourceTree = BUILT_PRODUCTS_DIR; };
		D071B7D928CCF466005F68DB /* combine_mvvm_uikitTests.swift */ = {isa = PBXFileReference; lastKnownFileType = sourcecode.swift; path = combine_mvvm_uikitTests.swift; sourceTree = "<group>"; };
		D071B7DF28CCF466005F68DB /* combine_mvvm_uikitUITests.xctest */ = {isa = PBXFileReference; explicitFileType = wrapper.cfbundle; includeInIndex = 0; path = combine_mvvm_uikitUITests.xctest; sourceTree = BUILT_PRODUCTS_DIR; };
		D071B7E328CCF466005F68DB /* combine_mvvm_uikitUITests.swift */ = {isa = PBXFileReference; lastKnownFileType = sourcecode.swift; path = combine_mvvm_uikitUITests.swift; sourceTree = "<group>"; };
		D071B7E528CCF466005F68DB /* combine_mvvm_uikitUITestsLaunchTests.swift */ = {isa = PBXFileReference; lastKnownFileType = sourcecode.swift; path = combine_mvvm_uikitUITestsLaunchTests.swift; sourceTree = "<group>"; };
		D071B7F228CCF6F0005F68DB /* HomeViewController.swift */ = {isa = PBXFileReference; lastKnownFileType = sourcecode.swift; path = HomeViewController.swift; sourceTree = "<group>"; };
		D071B7F328CCF6F0005F68DB /* HomeViewController.xib */ = {isa = PBXFileReference; lastKnownFileType = file.xib; path = HomeViewController.xib; sourceTree = "<group>"; };
		D071B7FA28CCF7F5005F68DB /* HomeViewModel.swift */ = {isa = PBXFileReference; lastKnownFileType = sourcecode.swift; path = HomeViewModel.swift; sourceTree = "<group>"; };
		D071B7FC28CCFA76005F68DB /* AppCoordinator.swift */ = {isa = PBXFileReference; lastKnownFileType = sourcecode.swift; path = AppCoordinator.swift; sourceTree = "<group>"; };
		D071B80428CD0B3F005F68DB /* Container.swift */ = {isa = PBXFileReference; lastKnownFileType = sourcecode.swift; path = Container.swift; sourceTree = "<group>"; };
		D071B80628CD0F83005F68DB /* AppCoordinatorState.swift */ = {isa = PBXFileReference; lastKnownFileType = sourcecode.swift; path = AppCoordinatorState.swift; sourceTree = "<group>"; };
		D071B80A28CD10F2005F68DB /* LoginViewController.swift */ = {isa = PBXFileReference; lastKnownFileType = sourcecode.swift; path = LoginViewController.swift; sourceTree = "<group>"; };
		D071B80B28CD10F2005F68DB /* LoginViewController.xib */ = {isa = PBXFileReference; lastKnownFileType = file.xib; path = LoginViewController.xib; sourceTree = "<group>"; };
		D071B81328CD2FAB005F68DB /* AuthenticationService.swift */ = {isa = PBXFileReference; lastKnownFileType = sourcecode.swift; path = AuthenticationService.swift; sourceTree = "<group>"; };
		D071B81528CD3245005F68DB /* AuthenticationServiceError.swift */ = {isa = PBXFileReference; lastKnownFileType = sourcecode.swift; path = AuthenticationServiceError.swift; sourceTree = "<group>"; };
		D071B81828CD332C005F68DB /* LoginViewModel.swift */ = {isa = PBXFileReference; lastKnownFileType = sourcecode.swift; path = LoginViewModel.swift; sourceTree = "<group>"; };
		D071B81B28CD42CA005F68DB /* UITextField+textPublisher.swift */ = {isa = PBXFileReference; lastKnownFileType = sourcecode.swift; path = "UITextField+textPublisher.swift"; sourceTree = "<group>"; };
/* End PBXFileReference section */

/* Begin PBXFrameworksBuildPhase section */
		D071B7BC28CCF461005F68DB /* Frameworks */ = {
			isa = PBXFrameworksBuildPhase;
			buildActionMask = 2147483647;
			files = (
				D071B80328CD0B1E005F68DB /* Factory in Frameworks */,
			);
			runOnlyForDeploymentPostprocessing = 0;
		};
		D071B7D228CCF466005F68DB /* Frameworks */ = {
			isa = PBXFrameworksBuildPhase;
			buildActionMask = 2147483647;
			files = (
			);
			runOnlyForDeploymentPostprocessing = 0;
		};
		D071B7DC28CCF466005F68DB /* Frameworks */ = {
			isa = PBXFrameworksBuildPhase;
			buildActionMask = 2147483647;
			files = (
			);
			runOnlyForDeploymentPostprocessing = 0;
		};
/* End PBXFrameworksBuildPhase section */

/* Begin PBXGroup section */
		D01B36CF2922BF8000CC3DC3 /* news */ = {
			isa = PBXGroup;
			children = (
				D01B36D02922BFB300CC3DC3 /* NewsViewController.swift */,
				D01B36D12922BFB300CC3DC3 /* NewsViewController.xib */,
			);
			path = news;
			sourceTree = "<group>";
		};
		D01B36D42922C05500CC3DC3 /* notes */ = {
			isa = PBXGroup;
			children = (
				D01B36D52922C08B00CC3DC3 /* NotesViewController.swift */,
				D01B36D62922C08B00CC3DC3 /* NotesViewController.xib */,
			);
			path = notes;
			sourceTree = "<group>";
		};
		D071B7B628CCF461005F68DB = {
			isa = PBXGroup;
			children = (
				D071B7C128CCF461005F68DB /* combine_mvvm_uikit */,
				D071B7D828CCF466005F68DB /* combine_mvvm_uikitTests */,
				D071B7E228CCF466005F68DB /* combine_mvvm_uikitUITests */,
				D071B7C028CCF461005F68DB /* Products */,
			);
			sourceTree = "<group>";
		};
		D071B7C028CCF461005F68DB /* Products */ = {
			isa = PBXGroup;
			children = (
				D071B7BF28CCF461005F68DB /* combine_mvvm_uikit.app */,
				D071B7D528CCF466005F68DB /* combine_mvvm_uikitTests.xctest */,
				D071B7DF28CCF466005F68DB /* combine_mvvm_uikitUITests.xctest */,
			);
			name = Products;
			sourceTree = "<group>";
		};
		D071B7C128CCF461005F68DB /* combine_mvvm_uikit */ = {
			isa = PBXGroup;
			children = (
				D071B81A28CD42B0005F68DB /* extensions */,
				D071B81228CD2F93005F68DB /* authentication */,
				D071B7FE28CCFB0A005F68DB /* appcoordinator */,
				D071B7F628CCF706005F68DB /* features */,
				D071B7C228CCF461005F68DB /* AppDelegate.swift */,
				D071B7C428CCF461005F68DB /* SceneDelegate.swift */,
				D071B7CB28CCF465005F68DB /* Assets.xcassets */,
				D071B7CD28CCF465005F68DB /* LaunchScreen.storyboard */,
				D071B7D028CCF465005F68DB /* Info.plist */,
				D071B80428CD0B3F005F68DB /* Container.swift */,
			);
			path = combine_mvvm_uikit;
			sourceTree = "<group>";
		};
		D071B7D828CCF466005F68DB /* combine_mvvm_uikitTests */ = {
			isa = PBXGroup;
			children = (
				D071B7D928CCF466005F68DB /* combine_mvvm_uikitTests.swift */,
			);
			path = combine_mvvm_uikitTests;
			sourceTree = "<group>";
		};
		D071B7E228CCF466005F68DB /* combine_mvvm_uikitUITests */ = {
			isa = PBXGroup;
			children = (
				D071B7E328CCF466005F68DB /* combine_mvvm_uikitUITests.swift */,
				D071B7E528CCF466005F68DB /* combine_mvvm_uikitUITestsLaunchTests.swift */,
			);
			path = combine_mvvm_uikitUITests;
			sourceTree = "<group>";
		};
		D071B7F628CCF706005F68DB /* features */ = {
			isa = PBXGroup;
			children = (
				D01B36D42922C05500CC3DC3 /* notes */,
				D01B36CF2922BF8000CC3DC3 /* news */,
				D071B80828CD10C9005F68DB /* login */,
				D071B7F728CCF719005F68DB /* home */,
			);
			path = features;
			sourceTree = "<group>";
		};
		D071B7F728CCF719005F68DB /* home */ = {
			isa = PBXGroup;
			children = (
				D071B7F928CCF7E4005F68DB /* viewmodel */,
				D071B7F828CCF726005F68DB /* view */,
			);
			path = home;
			sourceTree = "<group>";
		};
		D071B7F828CCF726005F68DB /* view */ = {
			isa = PBXGroup;
			children = (
				D071B7F228CCF6F0005F68DB /* HomeViewController.swift */,
				D071B7F328CCF6F0005F68DB /* HomeViewController.xib */,
			);
			path = view;
			sourceTree = "<group>";
		};
		D071B7F928CCF7E4005F68DB /* viewmodel */ = {
			isa = PBXGroup;
			children = (
				D071B7FA28CCF7F5005F68DB /* HomeViewModel.swift */,
			);
			path = viewmodel;
			sourceTree = "<group>";
		};
		D071B7FE28CCFB0A005F68DB /* appcoordinator */ = {
			isa = PBXGroup;
			children = (
				D071B7FC28CCFA76005F68DB /* AppCoordinator.swift */,
				D071B80628CD0F83005F68DB /* AppCoordinatorState.swift */,
			);
			path = appcoordinator;
			sourceTree = "<group>";
		};
		D071B80828CD10C9005F68DB /* login */ = {
			isa = PBXGroup;
			children = (
				D071B81728CD331D005F68DB /* viewmodel */,
				D071B80928CD10D1005F68DB /* view */,
			);
			path = login;
			sourceTree = "<group>";
		};
		D071B80928CD10D1005F68DB /* view */ = {
			isa = PBXGroup;
			children = (
				D071B80A28CD10F2005F68DB /* LoginViewController.swift */,
				D071B80B28CD10F2005F68DB /* LoginViewController.xib */,
				D01B36C92921255B00CC3DC3 /* LoginViewAction.swift */,
			);
			path = view;
			sourceTree = "<group>";
		};
		D071B81228CD2F93005F68DB /* authentication */ = {
			isa = PBXGroup;
			children = (
				D071B81328CD2FAB005F68DB /* AuthenticationService.swift */,
				D071B81528CD3245005F68DB /* AuthenticationServiceError.swift */,
			);
			path = authentication;
			sourceTree = "<group>";
		};
		D071B81728CD331D005F68DB /* viewmodel */ = {
			isa = PBXGroup;
			children = (
				D071B81828CD332C005F68DB /* LoginViewModel.swift */,
			);
			path = viewmodel;
			sourceTree = "<group>";
		};
		D071B81A28CD42B0005F68DB /* extensions */ = {
			isa = PBXGroup;
			children = (
				D071B81B28CD42CA005F68DB /* UITextField+textPublisher.swift */,
			);
			path = extensions;
			sourceTree = "<group>";
		};
/* End PBXGroup section */

/* Begin PBXNativeTarget section */
		D071B7BE28CCF461005F68DB /* combine_mvvm_uikit */ = {
			isa = PBXNativeTarget;
			buildConfigurationList = D071B7E928CCF466005F68DB /* Build configuration list for PBXNativeTarget "combine_mvvm_uikit" */;
			buildPhases = (
				D071B7BB28CCF461005F68DB /* Sources */,
				D071B7BC28CCF461005F68DB /* Frameworks */,
				D071B7BD28CCF461005F68DB /* Resources */,
			);
			buildRules = (
			);
			dependencies = (
			);
			name = combine_mvvm_uikit;
			packageProductDependencies = (
				D071B80228CD0B1E005F68DB /* Factory */,
			);
			productName = combine_mvvm_uikit;
			productReference = D071B7BF28CCF461005F68DB /* combine_mvvm_uikit.app */;
			productType = "com.apple.product-type.application";
		};
		D071B7D428CCF466005F68DB /* combine_mvvm_uikitTests */ = {
			isa = PBXNativeTarget;
			buildConfigurationList = D071B7EC28CCF466005F68DB /* Build configuration list for PBXNativeTarget "combine_mvvm_uikitTests" */;
			buildPhases = (
				D071B7D128CCF466005F68DB /* Sources */,
				D071B7D228CCF466005F68DB /* Frameworks */,
				D071B7D328CCF466005F68DB /* Resources */,
			);
			buildRules = (
			);
			dependencies = (
				D071B7D728CCF466005F68DB /* PBXTargetDependency */,
			);
			name = combine_mvvm_uikitTests;
			productName = combine_mvvm_uikitTests;
			productReference = D071B7D528CCF466005F68DB /* combine_mvvm_uikitTests.xctest */;
			productType = "com.apple.product-type.bundle.unit-test";
		};
		D071B7DE28CCF466005F68DB /* combine_mvvm_uikitUITests */ = {
			isa = PBXNativeTarget;
			buildConfigurationList = D071B7EF28CCF466005F68DB /* Build configuration list for PBXNativeTarget "combine_mvvm_uikitUITests" */;
			buildPhases = (
				D071B7DB28CCF466005F68DB /* Sources */,
				D071B7DC28CCF466005F68DB /* Frameworks */,
				D071B7DD28CCF466005F68DB /* Resources */,
			);
			buildRules = (
			);
			dependencies = (
				D071B7E128CCF466005F68DB /* PBXTargetDependency */,
			);
			name = combine_mvvm_uikitUITests;
			productName = combine_mvvm_uikitUITests;
			productReference = D071B7DF28CCF466005F68DB /* combine_mvvm_uikitUITests.xctest */;
			productType = "com.apple.product-type.bundle.ui-testing";
		};
/* End PBXNativeTarget section */

/* Begin PBXProject section */
		D071B7B728CCF461005F68DB /* Project object */ = {
			isa = PBXProject;
			attributes = {
				BuildIndependentTargetsInParallel = 1;
				LastSwiftUpdateCheck = 1340;
				LastUpgradeCheck = 1340;
				TargetAttributes = {
					D071B7BE28CCF461005F68DB = {
						CreatedOnToolsVersion = 13.4.1;
					};
					D071B7D428CCF466005F68DB = {
						CreatedOnToolsVersion = 13.4.1;
						TestTargetID = D071B7BE28CCF461005F68DB;
					};
					D071B7DE28CCF466005F68DB = {
						CreatedOnToolsVersion = 13.4.1;
						TestTargetID = D071B7BE28CCF461005F68DB;
					};
				};
			};
			buildConfigurationList = D071B7BA28CCF461005F68DB /* Build configuration list for PBXProject "combine_mvvm_uikit" */;
			compatibilityVersion = "Xcode 13.0";
			developmentRegion = en;
			hasScannedForEncodings = 0;
			knownRegions = (
				en,
				Base,
			);
			mainGroup = D071B7B628CCF461005F68DB;
			packageReferences = (
				D071B80128CD0B1E005F68DB /* XCRemoteSwiftPackageReference "Factory" */,
			);
			productRefGroup = D071B7C028CCF461005F68DB /* Products */;
			projectDirPath = "";
			projectRoot = "";
			targets = (
				D071B7BE28CCF461005F68DB /* combine_mvvm_uikit */,
				D071B7D428CCF466005F68DB /* combine_mvvm_uikitTests */,
				D071B7DE28CCF466005F68DB /* combine_mvvm_uikitUITests */,
			);
		};
/* End PBXProject section */

/* Begin PBXResourcesBuildPhase section */
		D071B7BD28CCF461005F68DB /* Resources */ = {
			isa = PBXResourcesBuildPhase;
			buildActionMask = 2147483647;
			files = (
				D071B80D28CD10F2005F68DB /* LoginViewController.xib in Resources */,
				D071B7CF28CCF465005F68DB /* LaunchScreen.storyboard in Resources */,
				D01B36D82922C08B00CC3DC3 /* NotesViewController.xib in Resources */,
				D01B36D32922BFB300CC3DC3 /* NewsViewController.xib in Resources */,
				D071B7CC28CCF465005F68DB /* Assets.xcassets in Resources */,
				D071B7F528CCF6F0005F68DB /* HomeViewController.xib in Resources */,
			);
			runOnlyForDeploymentPostprocessing = 0;
		};
		D071B7D328CCF466005F68DB /* Resources */ = {
			isa = PBXResourcesBuildPhase;
			buildActionMask = 2147483647;
			files = (
			);
			runOnlyForDeploymentPostprocessing = 0;
		};
		D071B7DD28CCF466005F68DB /* Resources */ = {
			isa = PBXResourcesBuildPhase;
			buildActionMask = 2147483647;
			files = (
			);
			runOnlyForDeploymentPostprocessing = 0;
		};
/* End PBXResourcesBuildPhase section */

/* Begin PBXSourcesBuildPhase section */
		D071B7BB28CCF461005F68DB /* Sources */ = {
			isa = PBXSourcesBuildPhase;
			buildActionMask = 2147483647;
			files = (
				D071B81628CD3245005F68DB /* AuthenticationServiceError.swift in Sources */,
				D071B80728CD0F83005F68DB /* AppCoordinatorState.swift in Sources */,
				D071B81928CD332C005F68DB /* LoginViewModel.swift in Sources */,
				D071B81C28CD42CA005F68DB /* UITextField+textPublisher.swift in Sources */,
				D071B7C328CCF461005F68DB /* AppDelegate.swift in Sources */,
				D071B80528CD0B3F005F68DB /* Container.swift in Sources */,
				D071B81428CD2FAB005F68DB /* AuthenticationService.swift in Sources */,
				D01B36CA2921255B00CC3DC3 /* LoginViewAction.swift in Sources */,
				D071B7C528CCF461005F68DB /* SceneDelegate.swift in Sources */,
				D071B80C28CD10F2005F68DB /* LoginViewController.swift in Sources */,
				D071B7FD28CCFA76005F68DB /* AppCoordinator.swift in Sources */,
				D01B36D72922C08B00CC3DC3 /* NotesViewController.swift in Sources */,
				D01B36D22922BFB300CC3DC3 /* NewsViewController.swift in Sources */,
				D071B7F428CCF6F0005F68DB /* HomeViewController.swift in Sources */,
				D071B7FB28CCF7F5005F68DB /* HomeViewModel.swift in Sources */,
			);
			runOnlyForDeploymentPostprocessing = 0;
		};
		D071B7D128CCF466005F68DB /* Sources */ = {
			isa = PBXSourcesBuildPhase;
			buildActionMask = 2147483647;
			files = (
				D071B7DA28CCF466005F68DB /* combine_mvvm_uikitTests.swift in Sources */,
			);
			runOnlyForDeploymentPostprocessing = 0;
		};
		D071B7DB28CCF466005F68DB /* Sources */ = {
			isa = PBXSourcesBuildPhase;
			buildActionMask = 2147483647;
			files = (
				D071B7E428CCF466005F68DB /* combine_mvvm_uikitUITests.swift in Sources */,
				D071B7E628CCF466005F68DB /* combine_mvvm_uikitUITestsLaunchTests.swift in Sources */,
			);
			runOnlyForDeploymentPostprocessing = 0;
		};
/* End PBXSourcesBuildPhase section */

/* Begin PBXTargetDependency section */
		D071B7D728CCF466005F68DB /* PBXTargetDependency */ = {
			isa = PBXTargetDependency;
			target = D071B7BE28CCF461005F68DB /* combine_mvvm_uikit */;
			targetProxy = D071B7D628CCF466005F68DB /* PBXContainerItemProxy */;
		};
		D071B7E128CCF466005F68DB /* PBXTargetDependency */ = {
			isa = PBXTargetDependency;
			target = D071B7BE28CCF461005F68DB /* combine_mvvm_uikit */;
			targetProxy = D071B7E028CCF466005F68DB /* PBXContainerItemProxy */;
		};
/* End PBXTargetDependency section */

/* Begin PBXVariantGroup section */
		D071B7CD28CCF465005F68DB /* LaunchScreen.storyboard */ = {
			isa = PBXVariantGroup;
			children = (
				D071B7CE28CCF465005F68DB /* Base */,
			);
			name = LaunchScreen.storyboard;
			sourceTree = "<group>";
		};
/* End PBXVariantGroup section */

/* Begin XCBuildConfiguration section */
		D071B7E728CCF466005F68DB /* Debug */ = {
			isa = XCBuildConfiguration;
			buildSettings = {
				ALWAYS_SEARCH_USER_PATHS = NO;
				CLANG_ANALYZER_NONNULL = YES;
				CLANG_ANALYZER_NUMBER_OBJECT_CONVERSION = YES_AGGRESSIVE;
				CLANG_CXX_LANGUAGE_STANDARD = "gnu++17";
				CLANG_ENABLE_MODULES = YES;
				CLANG_ENABLE_OBJC_ARC = YES;
				CLANG_ENABLE_OBJC_WEAK = YES;
				CLANG_WARN_BLOCK_CAPTURE_AUTORELEASING = YES;
				CLANG_WARN_BOOL_CONVERSION = YES;
				CLANG_WARN_COMMA = YES;
				CLANG_WARN_CONSTANT_CONVERSION = YES;
				CLANG_WARN_DEPRECATED_OBJC_IMPLEMENTATIONS = YES;
				CLANG_WARN_DIRECT_OBJC_ISA_USAGE = YES_ERROR;
				CLANG_WARN_DOCUMENTATION_COMMENTS = YES;
				CLANG_WARN_EMPTY_BODY = YES;
				CLANG_WARN_ENUM_CONVERSION = YES;
				CLANG_WARN_INFINITE_RECURSION = YES;
				CLANG_WARN_INT_CONVERSION = YES;
				CLANG_WARN_NON_LITERAL_NULL_CONVERSION = YES;
				CLANG_WARN_OBJC_IMPLICIT_RETAIN_SELF = YES;
				CLANG_WARN_OBJC_LITERAL_CONVERSION = YES;
				CLANG_WARN_OBJC_ROOT_CLASS = YES_ERROR;
				CLANG_WARN_QUOTED_INCLUDE_IN_FRAMEWORK_HEADER = YES;
				CLANG_WARN_RANGE_LOOP_ANALYSIS = YES;
				CLANG_WARN_STRICT_PROTOTYPES = YES;
				CLANG_WARN_SUSPICIOUS_MOVE = YES;
				CLANG_WARN_UNGUARDED_AVAILABILITY = YES_AGGRESSIVE;
				CLANG_WARN_UNREACHABLE_CODE = YES;
				CLANG_WARN__DUPLICATE_METHOD_MATCH = YES;
				COPY_PHASE_STRIP = NO;
				DEBUG_INFORMATION_FORMAT = dwarf;
				ENABLE_STRICT_OBJC_MSGSEND = YES;
				ENABLE_TESTABILITY = YES;
				GCC_C_LANGUAGE_STANDARD = gnu11;
				GCC_DYNAMIC_NO_PIC = NO;
				GCC_NO_COMMON_BLOCKS = YES;
				GCC_OPTIMIZATION_LEVEL = 0;
				GCC_PREPROCESSOR_DEFINITIONS = (
					"DEBUG=1",
					"$(inherited)",
				);
				GCC_WARN_64_TO_32_BIT_CONVERSION = YES;
				GCC_WARN_ABOUT_RETURN_TYPE = YES_ERROR;
				GCC_WARN_UNDECLARED_SELECTOR = YES;
				GCC_WARN_UNINITIALIZED_AUTOS = YES_AGGRESSIVE;
				GCC_WARN_UNUSED_FUNCTION = YES;
				GCC_WARN_UNUSED_VARIABLE = YES;
				IPHONEOS_DEPLOYMENT_TARGET = 15.5;
				MTL_ENABLE_DEBUG_INFO = INCLUDE_SOURCE;
				MTL_FAST_MATH = YES;
				ONLY_ACTIVE_ARCH = YES;
				SDKROOT = iphoneos;
				SWIFT_ACTIVE_COMPILATION_CONDITIONS = DEBUG;
				SWIFT_OPTIMIZATION_LEVEL = "-Onone";
			};
			name = Debug;
		};
		D071B7E828CCF466005F68DB /* Release */ = {
			isa = XCBuildConfiguration;
			buildSettings = {
				ALWAYS_SEARCH_USER_PATHS = NO;
				CLANG_ANALYZER_NONNULL = YES;
				CLANG_ANALYZER_NUMBER_OBJECT_CONVERSION = YES_AGGRESSIVE;
				CLANG_CXX_LANGUAGE_STANDARD = "gnu++17";
				CLANG_ENABLE_MODULES = YES;
				CLANG_ENABLE_OBJC_ARC = YES;
				CLANG_ENABLE_OBJC_WEAK = YES;
				CLANG_WARN_BLOCK_CAPTURE_AUTORELEASING = YES;
				CLANG_WARN_BOOL_CONVERSION = YES;
				CLANG_WARN_COMMA = YES;
				CLANG_WARN_CONSTANT_CONVERSION = YES;
				CLANG_WARN_DEPRECATED_OBJC_IMPLEMENTATIONS = YES;
				CLANG_WARN_DIRECT_OBJC_ISA_USAGE = YES_ERROR;
				CLANG_WARN_DOCUMENTATION_COMMENTS = YES;
				CLANG_WARN_EMPTY_BODY = YES;
				CLANG_WARN_ENUM_CONVERSION = YES;
				CLANG_WARN_INFINITE_RECURSION = YES;
				CLANG_WARN_INT_CONVERSION = YES;
				CLANG_WARN_NON_LITERAL_NULL_CONVERSION = YES;
				CLANG_WARN_OBJC_IMPLICIT_RETAIN_SELF = YES;
				CLANG_WARN_OBJC_LITERAL_CONVERSION = YES;
				CLANG_WARN_OBJC_ROOT_CLASS = YES_ERROR;
				CLANG_WARN_QUOTED_INCLUDE_IN_FRAMEWORK_HEADER = YES;
				CLANG_WARN_RANGE_LOOP_ANALYSIS = YES;
				CLANG_WARN_STRICT_PROTOTYPES = YES;
				CLANG_WARN_SUSPICIOUS_MOVE = YES;
				CLANG_WARN_UNGUARDED_AVAILABILITY = YES_AGGRESSIVE;
				CLANG_WARN_UNREACHABLE_CODE = YES;
				CLANG_WARN__DUPLICATE_METHOD_MATCH = YES;
				COPY_PHASE_STRIP = NO;
				DEBUG_INFORMATION_FORMAT = "dwarf-with-dsym";
				ENABLE_NS_ASSERTIONS = NO;
				ENABLE_STRICT_OBJC_MSGSEND = YES;
				GCC_C_LANGUAGE_STANDARD = gnu11;
				GCC_NO_COMMON_BLOCKS = YES;
				GCC_WARN_64_TO_32_BIT_CONVERSION = YES;
				GCC_WARN_ABOUT_RETURN_TYPE = YES_ERROR;
				GCC_WARN_UNDECLARED_SELECTOR = YES;
				GCC_WARN_UNINITIALIZED_AUTOS = YES_AGGRESSIVE;
				GCC_WARN_UNUSED_FUNCTION = YES;
				GCC_WARN_UNUSED_VARIABLE = YES;
				IPHONEOS_DEPLOYMENT_TARGET = 15.5;
				MTL_ENABLE_DEBUG_INFO = NO;
				MTL_FAST_MATH = YES;
				SDKROOT = iphoneos;
				SWIFT_COMPILATION_MODE = wholemodule;
				SWIFT_OPTIMIZATION_LEVEL = "-O";
				VALIDATE_PRODUCT = YES;
			};
			name = Release;
		};
		D071B7EA28CCF466005F68DB /* Debug */ = {
			isa = XCBuildConfiguration;
			buildSettings = {
				ASSETCATALOG_COMPILER_APPICON_NAME = AppIcon;
				ASSETCATALOG_COMPILER_GLOBAL_ACCENT_COLOR_NAME = AccentColor;
				CODE_SIGN_STYLE = Automatic;
				CURRENT_PROJECT_VERSION = 1;
				GENERATE_INFOPLIST_FILE = YES;
				INFOPLIST_FILE = combine_mvvm_uikit/Info.plist;
				INFOPLIST_KEY_UIApplicationSupportsIndirectInputEvents = YES;
				INFOPLIST_KEY_UILaunchStoryboardName = LaunchScreen;
				INFOPLIST_KEY_UISupportedInterfaceOrientations_iPad = "UIInterfaceOrientationPortrait UIInterfaceOrientationPortraitUpsideDown UIInterfaceOrientationLandscapeLeft UIInterfaceOrientationLandscapeRight";
				INFOPLIST_KEY_UISupportedInterfaceOrientations_iPhone = "UIInterfaceOrientationPortrait UIInterfaceOrientationLandscapeLeft UIInterfaceOrientationLandscapeRight";
				LD_RUNPATH_SEARCH_PATHS = (
					"$(inherited)",
					"@executable_path/Frameworks",
				);
				MARKETING_VERSION = 1.0;
				PRODUCT_BUNDLE_IDENTIFIER = "com.johboq.combine-mvvm-uikit";
				PRODUCT_NAME = "$(TARGET_NAME)";
				SWIFT_EMIT_LOC_STRINGS = YES;
				SWIFT_VERSION = 5.0;
				TARGETED_DEVICE_FAMILY = "1,2";
			};
			name = Debug;
		};
		D071B7EB28CCF466005F68DB /* Release */ = {
			isa = XCBuildConfiguration;
			buildSettings = {
				ASSETCATALOG_COMPILER_APPICON_NAME = AppIcon;
				ASSETCATALOG_COMPILER_GLOBAL_ACCENT_COLOR_NAME = AccentColor;
				CODE_SIGN_STYLE = Automatic;
				CURRENT_PROJECT_VERSION = 1;
				GENERATE_INFOPLIST_FILE = YES;
				INFOPLIST_FILE = combine_mvvm_uikit/Info.plist;
				INFOPLIST_KEY_UIApplicationSupportsIndirectInputEvents = YES;
				INFOPLIST_KEY_UILaunchStoryboardName = LaunchScreen;
				INFOPLIST_KEY_UISupportedInterfaceOrientations_iPad = "UIInterfaceOrientationPortrait UIInterfaceOrientationPortraitUpsideDown UIInterfaceOrientationLandscapeLeft UIInterfaceOrientationLandscapeRight";
				INFOPLIST_KEY_UISupportedInterfaceOrientations_iPhone = "UIInterfaceOrientationPortrait UIInterfaceOrientationLandscapeLeft UIInterfaceOrientationLandscapeRight";
				LD_RUNPATH_SEARCH_PATHS = (
					"$(inherited)",
					"@executable_path/Frameworks",
				);
				MARKETING_VERSION = 1.0;
				PRODUCT_BUNDLE_IDENTIFIER = "com.johboq.combine-mvvm-uikit";
				PRODUCT_NAME = "$(TARGET_NAME)";
				SWIFT_EMIT_LOC_STRINGS = YES;
				SWIFT_VERSION = 5.0;
				TARGETED_DEVICE_FAMILY = "1,2";
			};
			name = Release;
		};
		D071B7ED28CCF466005F68DB /* Debug */ = {
			isa = XCBuildConfiguration;
			buildSettings = {
				ALWAYS_EMBED_SWIFT_STANDARD_LIBRARIES = YES;
				BUNDLE_LOADER = "$(TEST_HOST)";
				CODE_SIGN_STYLE = Automatic;
				CURRENT_PROJECT_VERSION = 1;
				GENERATE_INFOPLIST_FILE = YES;
				IPHONEOS_DEPLOYMENT_TARGET = 15.5;
				MARKETING_VERSION = 1.0;
				PRODUCT_BUNDLE_IDENTIFIER = "com.johboq.combine-mvvm-uikitTests";
				PRODUCT_NAME = "$(TARGET_NAME)";
				SWIFT_EMIT_LOC_STRINGS = NO;
				SWIFT_VERSION = 5.0;
				TARGETED_DEVICE_FAMILY = "1,2";
				TEST_HOST = "$(BUILT_PRODUCTS_DIR)/combine_mvvm_uikit.app/combine_mvvm_uikit";
			};
			name = Debug;
		};
		D071B7EE28CCF466005F68DB /* Release */ = {
			isa = XCBuildConfiguration;
			buildSettings = {
				ALWAYS_EMBED_SWIFT_STANDARD_LIBRARIES = YES;
				BUNDLE_LOADER = "$(TEST_HOST)";
				CODE_SIGN_STYLE = Automatic;
				CURRENT_PROJECT_VERSION = 1;
				GENERATE_INFOPLIST_FILE = YES;
				IPHONEOS_DEPLOYMENT_TARGET = 15.5;
				MARKETING_VERSION = 1.0;
				PRODUCT_BUNDLE_IDENTIFIER = "com.johboq.combine-mvvm-uikitTests";
				PRODUCT_NAME = "$(TARGET_NAME)";
				SWIFT_EMIT_LOC_STRINGS = NO;
				SWIFT_VERSION = 5.0;
				TARGETED_DEVICE_FAMILY = "1,2";
				TEST_HOST = "$(BUILT_PRODUCTS_DIR)/combine_mvvm_uikit.app/combine_mvvm_uikit";
			};
			name = Release;
		};
		D071B7F028CCF466005F68DB /* Debug */ = {
			isa = XCBuildConfiguration;
			buildSettings = {
				ALWAYS_EMBED_SWIFT_STANDARD_LIBRARIES = YES;
				CODE_SIGN_STYLE = Automatic;
				CURRENT_PROJECT_VERSION = 1;
				GENERATE_INFOPLIST_FILE = YES;
				MARKETING_VERSION = 1.0;
				PRODUCT_BUNDLE_IDENTIFIER = "com.johboq.combine-mvvm-uikitUITests";
				PRODUCT_NAME = "$(TARGET_NAME)";
				SWIFT_EMIT_LOC_STRINGS = NO;
				SWIFT_VERSION = 5.0;
				TARGETED_DEVICE_FAMILY = "1,2";
				TEST_TARGET_NAME = combine_mvvm_uikit;
			};
			name = Debug;
		};
		D071B7F128CCF466005F68DB /* Release */ = {
			isa = XCBuildConfiguration;
			buildSettings = {
				ALWAYS_EMBED_SWIFT_STANDARD_LIBRARIES = YES;
				CODE_SIGN_STYLE = Automatic;
				CURRENT_PROJECT_VERSION = 1;
				GENERATE_INFOPLIST_FILE = YES;
				MARKETING_VERSION = 1.0;
				PRODUCT_BUNDLE_IDENTIFIER = "com.johboq.combine-mvvm-uikitUITests";
				PRODUCT_NAME = "$(TARGET_NAME)";
				SWIFT_EMIT_LOC_STRINGS = NO;
				SWIFT_VERSION = 5.0;
				TARGETED_DEVICE_FAMILY = "1,2";
				TEST_TARGET_NAME = combine_mvvm_uikit;
			};
			name = Release;
		};
/* End XCBuildConfiguration section */

/* Begin XCConfigurationList section */
		D071B7BA28CCF461005F68DB /* Build configuration list for PBXProject "combine_mvvm_uikit" */ = {
			isa = XCConfigurationList;
			buildConfigurations = (
				D071B7E728CCF466005F68DB /* Debug */,
				D071B7E828CCF466005F68DB /* Release */,
			);
			defaultConfigurationIsVisible = 0;
			defaultConfigurationName = Release;
		};
		D071B7E928CCF466005F68DB /* Build configuration list for PBXNativeTarget "combine_mvvm_uikit" */ = {
			isa = XCConfigurationList;
			buildConfigurations = (
				D071B7EA28CCF466005F68DB /* Debug */,
				D071B7EB28CCF466005F68DB /* Release */,
			);
			defaultConfigurationIsVisible = 0;
			defaultConfigurationName = Release;
		};
		D071B7EC28CCF466005F68DB /* Build configuration list for PBXNativeTarget "combine_mvvm_uikitTests" */ = {
			isa = XCConfigurationList;
			buildConfigurations = (
				D071B7ED28CCF466005F68DB /* Debug */,
				D071B7EE28CCF466005F68DB /* Release */,
			);
			defaultConfigurationIsVisible = 0;
			defaultConfigurationName = Release;
		};
		D071B7EF28CCF466005F68DB /* Build configuration list for PBXNativeTarget "combine_mvvm_uikitUITests" */ = {
			isa = XCConfigurationList;
			buildConfigurations = (
				D071B7F028CCF466005F68DB /* Debug */,
				D071B7F128CCF466005F68DB /* Release */,
			);
			defaultConfigurationIsVisible = 0;
			defaultConfigurationName = Release;
		};
/* End XCConfigurationList section */

/* Begin XCRemoteSwiftPackageReference section */
		D071B80128CD0B1E005F68DB /* XCRemoteSwiftPackageReference "Factory" */ = {
			isa = XCRemoteSwiftPackageReference;
			repositoryURL = "https://github.com/hmlongco/Factory";
			requirement = {
				kind = exactVersion;
				version = 1.2.8;
			};
		};
/* End XCRemoteSwiftPackageReference section */

/* Begin XCSwiftPackageProductDependency section */
		D071B80228CD0B1E005F68DB /* Factory */ = {
			isa = XCSwiftPackageProductDependency;
			package = D071B80128CD0B1E005F68DB /* XCRemoteSwiftPackageReference "Factory" */;
			productName = Factory;
		};
/* End XCSwiftPackageProductDependency section */
	};
	rootObject = D071B7B728CCF461005F68DB /* Project object */;
}
